
Microsoft Visual Studio Solution File, Format Version 12.00
# Visual Studio 15
VisualStudioVersion = 15.0.26403.7
MinimumVisualStudioVersion = 10.0.40219.1
Project("{FAE04EC0-301F-11D3-BF4B-00C04F79EFBC}") = "TrabalhoBackEnd", "TrabalhoBackEnd\TrabalhoBackEnd.csproj", "{F064F210-E753-4131-BE2B-09A4CBF132CC}"
EndProject
Project("{FAE04EC0-301F-11D3-BF4B-00C04F79EFBC}") = "TrabalhoFrontEnd", "TrabalhoFrontEnd\TrabalhoFrontEnd.csproj", "{CDE2A9B1-ED6F-451A-B39D-5D16584E8F4E}"
EndProject
Project("{FAE04EC0-301F-11D3-BF4B-00C04F79EFBC}") = "Aplicacao", "Aplicacao\Aplicacao.csproj", "{C786CE3B-E6C3-44B3-9983-3C3DB7083096}"
EndProject
Global
	GlobalSection(SolutionConfigurationPlatforms) = preSolution
		Debug|Any CPU = Debug|Any CPU
		Release|Any CPU = Release|Any CPU
	EndGlobalSection
	GlobalSection(ProjectConfigurationPlatforms) = postSolution
		{F064F210-E753-4131-BE2B-09A4CBF132CC}.Debug|Any CPU.ActiveCfg = Debug|Any CPU
		{F064F210-E753-4131-BE2B-09A4CBF132CC}.Debug|Any CPU.Build.0 = Debug|Any CPU
		{F064F210-E753-4131-BE2B-09A4CBF132CC}.Release|Any CPU.ActiveCfg = Release|Any CPU
		{F064F210-E753-4131-BE2B-09A4CBF132CC}.Release|Any CPU.Build.0 = Release|Any CPU
		{CDE2A9B1-ED6F-451A-B39D-5D16584E8F4E}.Debug|Any CPU.ActiveCfg = Debug|Any CPU
		{CDE2A9B1-ED6F-451A-B39D-5D16584E8F4E}.Debug|Any CPU.Build.0 = Debug|Any CPU
		{CDE2A9B1-ED6F-451A-B39D-5D16584E8F4E}.Release|Any CPU.ActiveCfg = Release|Any CPU
		{CDE2A9B1-ED6F-451A-B39D-5D16584E8F4E}.Release|Any CPU.Build.0 = Release|Any CPU
		{C786CE3B-E6C3-44B3-9983-3C3DB7083096}.Debug|Any CPU.ActiveCfg = Debug|Any CPU
		{C786CE3B-E6C3-44B3-9983-3C3DB7083096}.Debug|Any CPU.Build.0 = Debug|Any CPU
		{C786CE3B-E6C3-44B3-9983-3C3DB7083096}.Release|Any CPU.ActiveCfg = Release|Any CPU
		{C786CE3B-E6C3-44B3-9983-3C3DB7083096}.Release|Any CPU.Build.0 = Release|Any CPU
	EndGlobalSection
	GlobalSection(SolutionProperties) = preSolution
		HideSolutionNode = FALSE
	EndGlobalSection
EndGlobal
